
Microsoft Visual Studio Solution File, Format Version 12.00
# Visual Studio Version 16
VisualStudioVersion = 16.0.31624.102
MinimumVisualStudioVersion = 10.0.40219.1
Project("{FAE04EC0-301F-11D3-BF4B-00C04F79EFBC}") = "test3", "test3\test3.csproj", "{744E8048-247F-4817-976F-A752471B1096}"
EndProject
Global
	GlobalSection(SolutionConfigurationPlatforms) = preSolution
		Debug|Any CPU = Debug|Any CPU
		Release|Any CPU = Release|Any CPU
	EndGlobalSection
	GlobalSection(ProjectConfigurationPlatforms) = postSolution
		{744E8048-247F-4817-976F-A752471B1096}.Debug|Any CPU.ActiveCfg = Debug|Any CPU
		{744E8048-247F-4817-976F-A752471B1096}.Debug|Any CPU.Build.0 = Debug|Any CPU
		{744E8048-247F-4817-976F-A752471B1096}.Release|Any CPU.ActiveCfg = Release|Any CPU
		{744E8048-247F-4817-976F-A752471B1096}.Release|Any CPU.Build.0 = Release|Any CPU
	EndGlobalSection
	GlobalSection(SolutionProperties) = preSolution
		HideSolutionNode = FALSE
	EndGlobalSection
	GlobalSection(ExtensibilityGlobals) = postSolution
		SolutionGuid = {FAC949FA-1649-4F9D-B867-E110FB06B42B}
	EndGlobalSection
EndGlobal
